
Microsoft Visual Studio Solution File, Format Version 12.00
# Visual Studio Version 17
VisualStudioVersion = 17.14.36414.22
MinimumVisualStudioVersion = 10.0.40219.1
Project("{8BC9CEB8-8B4A-11D0-8D11-00A0C91BC942}") = "lab1", "lab1\lab1.vcxproj", "{B19D9CCF-F886-45C8-95FB-C7F8C8C4FD71}"
EndProject
Project("{8BC9CEB8-8B4A-11D0-8D11-00A0C91BC942}") = "lab2", "lab2\lab2.vcxproj", "{A7D1F4D5-F618-4FB7-A70D-92B27A7E7C22}"
EndProject
Project("{8BC9CEB8-8B4A-11D0-8D11-00A0C91BC942}") = "lab3", "lab3\lab3.vcxproj", "{B183825A-4995-4E94-8984-C7F06FDB625A}"
EndProject
Project("{8BC9CEB8-8B4A-11D0-8D11-00A0C91BC942}") = "lab4", "lab4\lab4.vcxproj", "{37816D9F-5756-4EA8-8804-89F09E4E038C}"
EndProject
Project("{8BC9CEB8-8B4A-11D0-8D11-00A0C91BC942}") = "lab5", "lab5\lab5.vcxproj", "{FB7DBAB9-61A8-4131-AFC5-68FE40C11F09}"
EndProject
Global
	GlobalSection(SolutionConfigurationPlatforms) = preSolution
		Debug|x64 = Debug|x64
		Debug|x86 = Debug|x86
		Release|x64 = Release|x64
		Release|x86 = Release|x86
	EndGlobalSection
	GlobalSection(ProjectConfigurationPlatforms) = postSolution
		{B19D9CCF-F886-45C8-95FB-C7F8C8C4FD71}.Debug|x64.ActiveCfg = Debug|x64
		{B19D9CCF-F886-45C8-95FB-C7F8C8C4FD71}.Debug|x64.Build.0 = Debug|x64
		{B19D9CCF-F886-45C8-95FB-C7F8C8C4FD71}.Debug|x86.ActiveCfg = Debug|Win32
		{B19D9CCF-F886-45C8-95FB-C7F8C8C4FD71}.Debug|x86.Build.0 = Debug|Win32
		{B19D9CCF-F886-45C8-95FB-C7F8C8C4FD71}.Release|x64.ActiveCfg = Release|x64
		{B19D9CCF-F886-45C8-95FB-C7F8C8C4FD71}.Release|x64.Build.0 = Release|x64
		{B19D9CCF-F886-45C8-95FB-C7F8C8C4FD71}.Release|x86.ActiveCfg = Release|Win32
		{B19D9CCF-F886-45C8-95FB-C7F8C8C4FD71}.Release|x86.Build.0 = Release|Win32
		{A7D1F4D5-F618-4FB7-A70D-92B27A7E7C22}.Debug|x64.ActiveCfg = Debug|x64
		{A7D1F4D5-F618-4FB7-A70D-92B27A7E7C22}.Debug|x64.Build.0 = Debug|x64
		{A7D1F4D5-F618-4FB7-A70D-92B27A7E7C22}.Debug|x86.ActiveCfg = Debug|Win32
		{A7D1F4D5-F618-4FB7-A70D-92B27A7E7C22}.Debug|x86.Build.0 = Debug|Win32
		{A7D1F4D5-F618-4FB7-A70D-92B27A7E7C22}.Release|x64.ActiveCfg = Release|x64
		{A7D1F4D5-F618-4FB7-A70D-92B27A7E7C22}.Release|x64.Build.0 = Release|x64
		{A7D1F4D5-F618-4FB7-A70D-92B27A7E7C22}.Release|x86.ActiveCfg = Release|Win32
		{A7D1F4D5-F618-4FB7-A70D-92B27A7E7C22}.Release|x86.Build.0 = Release|Win32
		{B183825A-4995-4E94-8984-C7F06FDB625A}.Debug|x64.ActiveCfg = Debug|x64
		{B183825A-4995-4E94-8984-C7F06FDB625A}.Debug|x64.Build.0 = Debug|x64
		{B183825A-4995-4E94-8984-C7F06FDB625A}.Debug|x86.ActiveCfg = Debug|Win32
		{B183825A-4995-4E94-8984-C7F06FDB625A}.Debug|x86.Build.0 = Debug|Win32
		{B183825A-4995-4E94-8984-C7F06FDB625A}.Release|x64.ActiveCfg = Release|x64
		{B183825A-4995-4E94-8984-C7F06FDB625A}.Release|x64.Build.0 = Release|x64
		{B183825A-4995-4E94-8984-C7F06FDB625A}.Release|x86.ActiveCfg = Release|Win32
		{B183825A-4995-4E94-8984-C7F06FDB625A}.Release|x86.Build.0 = Release|Win32
		{37816D9F-5756-4EA8-8804-89F09E4E038C}.Debug|x64.ActiveCfg = Debug|x64
		{37816D9F-5756-4EA8-8804-89F09E4E038C}.Debug|x64.Build.0 = Debug|x64
		{37816D9F-5756-4EA8-8804-89F09E4E038C}.Debug|x86.ActiveCfg = Debug|Win32
		{37816D9F-5756-4EA8-8804-89F09E4E038C}.Debug|x86.Build.0 = Debug|Win32
		{37816D9F-5756-4EA8-8804-89F09E4E038C}.Release|x64.ActiveCfg = Release|x64
		{37816D9F-5756-4EA8-8804-89F09E4E038C}.Release|x64.Build.0 = Release|x64
		{37816D9F-5756-4EA8-8804-89F09E4E038C}.Release|x86.ActiveCfg = Release|Win32
		{37816D9F-5756-4EA8-8804-89F09E4E038C}.Release|x86.Build.0 = Release|Win32
		{FB7DBAB9-61A8-4131-AFC5-68FE40C11F09}.Debug|x64.ActiveCfg = Debug|x64
		{FB7DBAB9-61A8-4131-AFC5-68FE40C11F09}.Debug|x64.Build.0 = Debug|x64
		{FB7DBAB9-61A8-4131-AFC5-68FE40C11F09}.Debug|x86.ActiveCfg = Debug|Win32
		{FB7DBAB9-61A8-4131-AFC5-68FE40C11F09}.Debug|x86.Build.0 = Debug|Win32
		{FB7DBAB9-61A8-4131-AFC5-68FE40C11F09}.Release|x64.ActiveCfg = Release|x64
		{FB7DBAB9-61A8-4131-AFC5-68FE40C11F09}.Release|x64.Build.0 = Release|x64
		{FB7DBAB9-61A8-4131-AFC5-68FE40C11F09}.Release|x86.ActiveCfg = Release|Win32
		{FB7DBAB9-61A8-4131-AFC5-68FE40C11F09}.Release|x86.Build.0 = Release|Win32
	EndGlobalSection
	GlobalSection(SolutionProperties) = preSolution
		HideSolutionNode = FALSE
	EndGlobalSection
	GlobalSection(ExtensibilityGlobals) = postSolution
		SolutionGuid = {1CA51F3A-3532-4936-9D20-AA40172CD53C}
	EndGlobalSection
EndGlobal
